{
  "name": "ai-workspace-configurator",
  "version": "3.6.0",
  "lockfileVersion": 3,
  "requires": true,
  "packages": {
    "": {
      "name": "ai-workspace-configurator",
      "version": "3.6.0",
      "hasInstallScript": true,
      "devDependencies": {
        "electron": "^33.0.0",
        "electron-builder": "^25.0.0"
      }
    },
    "node_modules/electron": {
      "version": "33.0.0",
      "resolved": "https://registry.npmjs.org/electron/-/electron-33.0.0.tgz",
      "integrity": "sha1-PLASH",
      "dev": true
    },
    "node_modules/electron-builder": {
      "version": "25.0.0",
      "resolved": "https://registry.npmjs.org/electron-builder/-/electron-builder-25.0.0.tgz",
      "integrity": "sha1-PLASH",
      "dev": true
    }
  }
}